# THIS IS AN AUTOGENERATED FILE. DO NOT EDIT THIS FILE DIRECTLY.
# yarn lockfile v1


bulma@^0.8.1:
  version "0.8.1"
  resolved "https://registry.yarnpkg.com/bulma/-/bulma-0.8.1.tgz#a5feacb703b73a87fdeae4f0d12317d62fc1d301"
  integrity sha512-Afi2zv4DKmNSYfmx55V+Mtnt8+WfR8Rs65kWArmzEuWP7vNr7dSAEDI+ORZlgOR1gueNZwpKaPdUi4ZiTNwgPA==
